{
  "name": "post-theme-colors",
  "version": "1.0.0",
  "lockfileVersion": 1,
  "requires": true,
  "dependencies": {
    "colorette": {
      "version": "1.2.2",
      "resolved": "http://xwnpm.xwfintech.com/colorette/-/colorette-1.2.2.tgz",
      "integrity": "sha1-y8x51emcrqLb8Q6zom/Ys+as+pQ=",
      "dev": true
    },
    "cssesc": {
      "version": "3.0.0",
      "resolved": "http://xwnpm.xwfintech.com/cssesc/-/cssesc-3.0.0.tgz",
      "integrity": "sha512-/Tb/JcjK111nNScGob5MNtsntNM1aCNUDipB/TkwZFhyDrrE47SOx/18wF2bbjgc3ZzCSKW1T5nt5EbFoAz/Vg==",
      "dev": true
    },
    "indexes-of": {
      "version": "1.0.1",
      "resolved": "http://xwnpm.xwfintech.com/indexes-of/-/indexes-of-1.0.1.tgz",
      "integrity": "sha1-8w9xbI4r00bHtn0985FVZqfAVgc=",
      "dev": true
    },
    "nanoid": {
      "version": "3.1.20",
      "resolved": "http://xwnpm.xwfintech.com/nanoid/-/nanoid-3.1.20.tgz",
      "integrity": "sha1-utwmPGsdzxS3HvqoX2q0wdbPx4g=",
      "dev": true
    },
    "postcss": {
      "version": "8.2.8",
      "resolved": "http://xwnpm.xwfintech.com/postcss/-/postcss-8.2.8.tgz",
      "integrity": "sha1-C5D5OC79pCTE8PaaLq1vaDDQjs4=",
      "dev": true,
      "requires": {
        "colorette": "^1.2.2",
        "nanoid": "^3.1.20",
        "source-map": "^0.6.1"
      }
    },
    "postcss-nested": {
      "version": "5.0.5",
      "resolved": "http://xwnpm.xwfintech.com/postcss-nested/-/postcss-nested-5.0.5.tgz",
      "integrity": "sha1-8KEH0zqfqxHXY3IF9TIeJyI+NgM=",
      "dev": true,
      "requires": {
        "postcss-selector-parser": "^6.0.4"
      }
    },
    "postcss-selector-parser": {
      "version": "6.0.4",
      "resolved": "http://xwnpm.xwfintech.com/postcss-selector-parser/-/postcss-selector-parser-6.0.4.tgz",
      "integrity": "sha1-VgdaE4CgRgTDiwY+p3Z6Epr1wrM=",
      "dev": true,
      "requires": {
        "cssesc": "^3.0.0",
        "indexes-of": "^1.0.1",
        "uniq": "^1.0.1",
        "util-deprecate": "^1.0.2"
      }
    },
    "source-map": {
      "version": "0.6.1",
      "resolved": "http://xwnpm.xwfintech.com/source-map/-/source-map-0.6.1.tgz",
      "integrity": "sha512-UjgapumWlbMhkBgzT7Ykc5YXUT46F0iKu8SGXq0bcwP5dz/h0Plj6enJqjz1Zbq2l5WaqYnrVbwWOWMyF3F47g==",
      "dev": true
    },
    "uniq": {
      "version": "1.0.1",
      "resolved": "http://xwnpm.xwfintech.com/uniq/-/uniq-1.0.1.tgz",
      "integrity": "sha1-sxxa6CVIRKOoKBVBzisEuGWnNP8=",
      "dev": true
    },
    "util-deprecate": {
      "version": "1.0.2",
      "resolved": "http://xwnpm.xwfintech.com/util-deprecate/-/util-deprecate-1.0.2.tgz",
      "integrity": "sha1-RQ1Nyfpw3nMnYvvS1KKJgUGaDM8=",
      "dev": true
    }
  }
}
